// !$*UTF8*$!
{
	archiveVersion = 1;
	classes = {
	};
	objectVersion = 50;
	objects = {

/* Begin PBXBuildFile section */
		8ADB35E66364B428C6D16229 /* Pods_SQLite.framework in Frameworks */ = {isa = PBXBuildFile; fileRef = BBA561CAE2D3798FCAD574A5 /* Pods_SQLite.framework */; };
		D6529C0820BF9C4C00F5E7E9 /* AppDelegate.swift in Sources */ = {isa = PBXBuildFile; fileRef = D6529C0720BF9C4C00F5E7E9 /* AppDelegate.swift */; };
		D6529C0A20BF9C4C00F5E7E9 /* ViewController.swift in Sources */ = {isa = PBXBuildFile; fileRef = D6529C0920BF9C4C00F5E7E9 /* ViewController.swift */; };
		D6529C0D20BF9C4C00F5E7E9 /* Main.storyboard in Resources */ = {isa = PBXBuildFile; fileRef = D6529C0B20BF9C4C00F5E7E9 /* Main.storyboard */; };
		D6529C0F20BF9C4D00F5E7E9 /* Assets.xcassets in Resources */ = {isa = PBXBuildFile; fileRef = D6529C0E20BF9C4D00F5E7E9 /* Assets.xcassets */; };
		D6529C1220BF9C4D00F5E7E9 /* LaunchScreen.storyboard in Resources */ = {isa = PBXBuildFile; fileRef = D6529C1020BF9C4D00F5E7E9 /* LaunchScreen.storyboard */; };
		D6529C1A20BF9DDD00F5E7E9 /* SQLiteManager.swift in Sources */ = {isa = PBXBuildFile; fileRef = D6529C1920BF9DDD00F5E7E9 /* SQLiteManager.swift */; };
/* End PBXBuildFile section */

/* Begin PBXFileReference section */
		34EE951F64079D6AAABF89BF /* Pods-SQLite.release.xcconfig */ = {isa = PBXFileReference; includeInIndex = 1; lastKnownFileType = text.xcconfig; name = "Pods-SQLite.release.xcconfig"; path = "Pods/Target Support Files/Pods-SQLite/Pods-SQLite.release.xcconfig"; sourceTree = "<group>"; };
		B862F2E0315DB1A4B91BCB58 /* Pods-SQLite.debug.xcconfig */ = {isa = PBXFileReference; includeInIndex = 1; lastKnownFileType = text.xcconfig; name = "Pods-SQLite.debug.xcconfig"; path = "Pods/Target Support Files/Pods-SQLite/Pods-SQLite.debug.xcconfig"; sourceTree = "<group>"; };
		BBA561CAE2D3798FCAD574A5 /* Pods_SQLite.framework */ = {isa = PBXFileReference; explicitFileType = wrapper.framework; includeInIndex = 0; path = Pods_SQLite.framework; sourceTree = BUILT_PRODUCTS_DIR; };
		D6529C0420BF9C4C00F5E7E9 /* SQLite.app */ = {isa = PBXFileReference; explicitFileType = wrapper.application; includeInIndex = 0; path = SQLite.app; sourceTree = BUILT_PRODUCTS_DIR; };
		D6529C0720BF9C4C00F5E7E9 /* AppDelegate.swift */ = {isa = PBXFileReference; lastKnownFileType = sourcecode.swift; path = AppDelegate.swift; sourceTree = "<group>"; };
		D6529C0920BF9C4C00F5E7E9 /* ViewController.swift */ = {isa = PBXFileReference; lastKnownFileType = sourcecode.swift; path = ViewController.swift; sourceTree = "<group>"; };
		D6529C0C20BF9C4C00F5E7E9 /* Base */ = {isa = PBXFileReference; lastKnownFileType = file.storyboard; name = Base; path = Base.lproj/Main.storyboard; sourceTree = "<group>"; };
		D6529C0E20BF9C4D00F5E7E9 /* Assets.xcassets */ = {isa = PBXFileReference; lastKnownFileType = folder.assetcatalog; path = Assets.xcassets; sourceTree = "<group>"; };
		D6529C1120BF9C4D00F5E7E9 /* Base */ = {isa = PBXFileReference; lastKnownFileType = file.storyboard; name = Base; path = Base.lproj/LaunchScreen.storyboard; sourceTree = "<group>"; };
		D6529C1320BF9C4E00F5E7E9 /* Info.plist */ = {isa = PBXFileReference; lastKnownFileType = text.plist.xml; path = Info.plist; sourceTree = "<group>"; };
		D6529C1920BF9DDD00F5E7E9 /* SQLiteManager.swift */ = {isa = PBXFileReference; lastKnownFileType = sourcecode.swift; path = SQLiteManager.swift; sourceTree = "<group>"; };
/* End PBXFileReference section */

/* Begin PBXFrameworksBuildPhase section */
		D6529C0120BF9C4C00F5E7E9 /* Frameworks */ = {
			isa = PBXFrameworksBuildPhase;
			buildActionMask = 2147483647;
			files = (
				8ADB35E66364B428C6D16229 /* Pods_SQLite.framework in Frameworks */,
			);
			runOnlyForDeploymentPostprocessing = 0;
		};
/* End PBXFrameworksBuildPhase section */

/* Begin PBXGroup section */
		D6529BFB20BF9C4C00F5E7E9 = {
			isa = PBXGroup;
			children = (
				D6529C0620BF9C4C00F5E7E9 /* SQLite */,
				D6529C0520BF9C4C00F5E7E9 /* Products */,
				DD427F3954C94A43AFC83008 /* Pods */,
				F5923B13E40BDABE158E0296 /* Frameworks */,
			);
			sourceTree = "<group>";
		};
		D6529C0520BF9C4C00F5E7E9 /* Products */ = {
			isa = PBXGroup;
			children = (
				D6529C0420BF9C4C00F5E7E9 /* SQLite.app */,
			);
			name = Products;
			sourceTree = "<group>";
		};
		D6529C0620BF9C4C00F5E7E9 /* SQLite */ = {
			isa = PBXGroup;
			children = (
				D6529C0720BF9C4C00F5E7E9 /* AppDelegate.swift */,
				D6529C0920BF9C4C00F5E7E9 /* ViewController.swift */,
				D6529C0B20BF9C4C00F5E7E9 /* Main.storyboard */,
				D6529C0E20BF9C4D00F5E7E9 /* Assets.xcassets */,
				D6529C1020BF9C4D00F5E7E9 /* LaunchScreen.storyboard */,
				D6529C1320BF9C4E00F5E7E9 /* Info.plist */,
				D6529C1920BF9DDD00F5E7E9 /* SQLiteManager.swift */,
			);
			path = SQLite;
			sourceTree = "<group>";
		};
		DD427F3954C94A43AFC83008 /* Pods */ = {
			isa = PBXGroup;
			children = (
				B862F2E0315DB1A4B91BCB58 /* Pods-SQLite.debug.xcconfig */,
				34EE951F64079D6AAABF89BF /* Pods-SQLite.release.xcconfig */,
			);
			name = Pods;
			sourceTree = "<group>";
		};
		F5923B13E40BDABE158E0296 /* Frameworks */ = {
			isa = PBXGroup;
			children = (
				BBA561CAE2D3798FCAD574A5 /* Pods_SQLite.framework */,
			);
			name = Frameworks;
			sourceTree = "<group>";
		};
/* End PBXGroup section */

/* Begin PBXNativeTarget section */
		D6529C0320BF9C4C00F5E7E9 /* SQLite */ = {
			isa = PBXNativeTarget;
			buildConfigurationList = D6529C1620BF9C4E00F5E7E9 /* Build configuration list for PBXNativeTarget "SQLite" */;
			buildPhases = (
				72D0CC1A7F9CDA165DE5D6D5 /* [CP] Check Pods Manifest.lock */,
				D6529C0020BF9C4C00F5E7E9 /* Sources */,
				D6529C0120BF9C4C00F5E7E9 /* Frameworks */,
				D6529C0220BF9C4C00F5E7E9 /* Resources */,
				C815F84AC901108FB6876341 /* [CP] Embed Pods Frameworks */,
			);
			buildRules = (
			);
			dependencies = (
			);
			name = SQLite;
			productName = SQLite;
			productReference = D6529C0420BF9C4C00F5E7E9 /* SQLite.app */;
			productType = "com.apple.product-type.application";
		};
/* End PBXNativeTarget section */

/* Begin PBXProject section */
		D6529BFC20BF9C4C00F5E7E9 /* Project object */ = {
			isa = PBXProject;
			attributes = {
				LastSwiftUpdateCheck = 0930;
				LastUpgradeCheck = 0930;
				ORGANIZATIONNAME = zhaolin01;
				TargetAttributes = {
					D6529C0320BF9C4C00F5E7E9 = {
						CreatedOnToolsVersion = 9.3.1;
					};
				};
			};
			buildConfigurationList = D6529BFF20BF9C4C00F5E7E9 /* Build configuration list for PBXProject "SQLite" */;
			compatibilityVersion = "Xcode 9.3";
			developmentRegion = en;
			hasScannedForEncodings = 0;
			knownRegions = (
				en,
				Base,
			);
			mainGroup = D6529BFB20BF9C4C00F5E7E9;
			productRefGroup = D6529C0520BF9C4C00F5E7E9 /* Products */;
			projectDirPath = "";
			projectRoot = "";
			targets = (
				D6529C0320BF9C4C00F5E7E9 /* SQLite */,
			);
		};
/* End PBXProject section */

/* Begin PBXResourcesBuildPhase section */
		D6529C0220BF9C4C00F5E7E9 /* Resources */ = {
			isa = PBXResourcesBuildPhase;
			buildActionMask = 2147483647;
			files = (
				D6529C1220BF9C4D00F5E7E9 /* LaunchScreen.storyboard in Resources */,
				D6529C0F20BF9C4D00F5E7E9 /* Assets.xcassets in Resources */,
				D6529C0D20BF9C4C00F5E7E9 /* Main.storyboard in Resources */,
			);
			runOnlyForDeploymentPostprocessing = 0;
		};
/* End PBXResourcesBuildPhase section */

/* Begin PBXShellScriptBuildPhase section */
		72D0CC1A7F9CDA165DE5D6D5 /* [CP] Check Pods Manifest.lock */ = {
			isa = PBXShellScriptBuildPhase;
			buildActionMask = 2147483647;
			files = (
			);
			inputPaths = (
				"${PODS_PODFILE_DIR_PATH}/Podfile.lock",
				"${PODS_ROOT}/Manifest.lock",
			);
			name = "[CP] Check Pods Manifest.lock";
			outputPaths = (
				"$(DERIVED_FILE_DIR)/Pods-SQLite-checkManifestLockResult.txt",
			);
			runOnlyForDeploymentPostprocessing = 0;
			shellPath = /bin/sh;
			shellScript = "diff \"${PODS_PODFILE_DIR_PATH}/Podfile.lock\" \"${PODS_ROOT}/Manifest.lock\" > /dev/null\nif [ $? != 0 ] ; then\n    # print error to STDERR\n    echo \"error: The sandbox is not in sync with the Podfile.lock. Run 'pod install' or update your CocoaPods installation.\" >&2\n    exit 1\nfi\n# This output is used by Xcode 'outputs' to avoid re-running this script phase.\necho \"SUCCESS\" > \"${SCRIPT_OUTPUT_FILE_0}\"\n";
			showEnvVarsInLog = 0;
		};
		C815F84AC901108FB6876341 /* [CP] Embed Pods Frameworks */ = {
			isa = PBXShellScriptBuildPhase;
			buildActionMask = 2147483647;
			files = (
			);
			inputPaths = (
				"${SRCROOT}/Pods/Target Support Files/Pods-SQLite/Pods-SQLite-frameworks.sh",
				"${BUILT_PRODUCTS_DIR}/FMDB/FMDB.framework",
			);
			name = "[CP] Embed Pods Frameworks";
			outputPaths = (
				"${TARGET_BUILD_DIR}/${FRAMEWORKS_FOLDER_PATH}/FMDB.framework",
			);
			runOnlyForDeploymentPostprocessing = 0;
			shellPath = /bin/sh;
			shellScript = "\"${SRCROOT}/Pods/Target Support Files/Pods-SQLite/Pods-SQLite-frameworks.sh\"\n";
			showEnvVarsInLog = 0;
		};
/* End PBXShellScriptBuildPhase section */

/* Begin PBXSourcesBuildPhase section */
		D6529C0020BF9C4C00F5E7E9 /* Sources */ = {
			isa = PBXSourcesBuildPhase;
			buildActionMask = 2147483647;
			files = (
				D6529C1A20BF9DDD00F5E7E9 /* SQLiteManager.swift in Sources */,
				D6529C0A20BF9C4C00F5E7E9 /* ViewController.swift in Sources */,
				D6529C0820BF9C4C00F5E7E9 /* AppDelegate.swift in Sources */,
			);
			runOnlyForDeploymentPostprocessing = 0;
		};
/* End PBXSourcesBuildPhase section */

/* Begin PBXVariantGroup section */
		D6529C0B20BF9C4C00F5E7E9 /* Main.storyboard */ = {
			isa = PBXVariantGroup;
			children = (
				D6529C0C20BF9C4C00F5E7E9 /* Base */,
			);
			name = Main.storyboard;
			sourceTree = "<group>";
		};
		D6529C1020BF9C4D00F5E7E9 /* LaunchScreen.storyboard */ = {
			isa = PBXVariantGroup;
			children = (
				D6529C1120BF9C4D00F5E7E9 /* Base */,
			);
			name = LaunchScreen.storyboard;
			sourceTree = "<group>";
		};
/* End PBXVariantGroup section */

/* Begin XCBuildConfiguration section */
		D6529C1420BF9C4E00F5E7E9 /* Debug */ = {
			isa = XCBuildConfiguration;
			buildSettings = {
				ALWAYS_SEARCH_USER_PATHS = NO;
				CLANG_ANALYZER_NONNULL = YES;
				CLANG_ANALYZER_NUMBER_OBJECT_CONVERSION = YES_AGGRESSIVE;
				CLANG_CXX_LANGUAGE_STANDARD = "gnu++14";
				CLANG_CXX_LIBRARY = "libc++";
				CLANG_ENABLE_MODULES = YES;
				CLANG_ENABLE_OBJC_ARC = YES;
				CLANG_ENABLE_OBJC_WEAK = YES;
				CLANG_WARN_BLOCK_CAPTURE_AUTORELEASING = YES;
				CLANG_WARN_BOOL_CONVERSION = YES;
				CLANG_WARN_COMMA = YES;
				CLANG_WARN_CONSTANT_CONVERSION = YES;
				CLANG_WARN_DEPRECATED_OBJC_IMPLEMENTATIONS = YES;
				CLANG_WARN_DIRECT_OBJC_ISA_USAGE = YES_ERROR;
				CLANG_WARN_DOCUMENTATION_COMMENTS = YES;
				CLANG_WARN_EMPTY_BODY = YES;
				CLANG_WARN_ENUM_CONVERSION = YES;
				CLANG_WARN_INFINITE_RECURSION = YES;
				CLANG_WARN_INT_CONVERSION = YES;
				CLANG_WARN_NON_LITERAL_NULL_CONVERSION = YES;
				CLANG_WARN_OBJC_IMPLICIT_RETAIN_SELF = YES;
				CLANG_WARN_OBJC_LITERAL_CONVERSION = YES;
				CLANG_WARN_OBJC_ROOT_CLASS = YES_ERROR;
				CLANG_WARN_RANGE_LOOP_ANALYSIS = YES;
				CLANG_WARN_STRICT_PROTOTYPES = YES;
				CLANG_WARN_SUSPICIOUS_MOVE = YES;
				CLANG_WARN_UNGUARDED_AVAILABILITY = YES_AGGRESSIVE;
				CLANG_WARN_UNREACHABLE_CODE = YES;
				CLANG_WARN__DUPLICATE_METHOD_MATCH = YES;
				CODE_SIGN_IDENTITY = "iPhone Developer";
				COPY_PHASE_STRIP = NO;
				DEBUG_INFORMATION_FORMAT = dwarf;
				ENABLE_STRICT_OBJC_MSGSEND = YES;
				ENABLE_TESTABILITY = YES;
				GCC_C_LANGUAGE_STANDARD = gnu11;
				GCC_DYNAMIC_NO_PIC = NO;
				GCC_NO_COMMON_BLOCKS = YES;
				GCC_OPTIMIZATION_LEVEL = 0;
				GCC_PREPROCESSOR_DEFINITIONS = (
					"DEBUG=1",
					"$(inherited)",
				);
				GCC_WARN_64_TO_32_BIT_CONVERSION = YES;
				GCC_WARN_ABOUT_RETURN_TYPE = YES_ERROR;
				GCC_WARN_UNDECLARED_SELECTOR = YES;
				GCC_WARN_UNINITIALIZED_AUTOS = YES_AGGRESSIVE;
				GCC_WARN_UNUSED_FUNCTION = YES;
				GCC_WARN_UNUSED_VARIABLE = YES;
				IPHONEOS_DEPLOYMENT_TARGET = 11.3;
				MTL_ENABLE_DEBUG_INFO = YES;
				ONLY_ACTIVE_ARCH = YES;
				SDKROOT = iphoneos;
				SWIFT_ACTIVE_COMPILATION_CONDITIONS = DEBUG;
				SWIFT_OPTIMIZATION_LEVEL = "-Onone";
			};
			name = Debug;
		};
		D6529C1520BF9C4E00F5E7E9 /* Release */ = {
			isa = XCBuildConfiguration;
			buildSettings = {
				ALWAYS_SEARCH_USER_PATHS = NO;
				CLANG_ANALYZER_NONNULL = YES;
				CLANG_ANALYZER_NUMBER_OBJECT_CONVERSION = YES_AGGRESSIVE;
				CLANG_CXX_LANGUAGE_STANDARD = "gnu++14";
				CLANG_CXX_LIBRARY = "libc++";
				CLANG_ENABLE_MODULES = YES;
				CLANG_ENABLE_OBJC_ARC = YES;
				CLANG_ENABLE_OBJC_WEAK = YES;
				CLANG_WARN_BLOCK_CAPTURE_AUTORELEASING = YES;
				CLANG_WARN_BOOL_CONVERSION = YES;
				CLANG_WARN_COMMA = YES;
				CLANG_WARN_CONSTANT_CONVERSION = YES;
				CLANG_WARN_DEPRECATED_OBJC_IMPLEMENTATIONS = YES;
				CLANG_WARN_DIRECT_OBJC_ISA_USAGE = YES_ERROR;
				CLANG_WARN_DOCUMENTATION_COMMENTS = YES;
				CLANG_WARN_EMPTY_BODY = YES;
				CLANG_WARN_ENUM_CONVERSION = YES;
				CLANG_WARN_INFINITE_RECURSION = YES;
				CLANG_WARN_INT_CONVERSION = YES;
				CLANG_WARN_NON_LITERAL_NULL_CONVERSION = YES;
				CLANG_WARN_OBJC_IMPLICIT_RETAIN_SELF = YES;
				CLANG_WARN_OBJC_LITERAL_CONVERSION = YES;
				CLANG_WARN_OBJC_ROOT_CLASS = YES_ERROR;
				CLANG_WARN_RANGE_LOOP_ANALYSIS = YES;
				CLANG_WARN_STRICT_PROTOTYPES = YES;
				CLANG_WARN_SUSPICIOUS_MOVE = YES;
				CLANG_WARN_UNGUARDED_AVAILABILITY = YES_AGGRESSIVE;
				CLANG_WARN_UNREACHABLE_CODE = YES;
				CLANG_WARN__DUPLICATE_METHOD_MATCH = YES;
				CODE_SIGN_IDENTITY = "iPhone Developer";
				COPY_PHASE_STRIP = NO;
				DEBUG_INFORMATION_FORMAT = "dwarf-with-dsym";
				ENABLE_NS_ASSERTIONS = NO;
				ENABLE_STRICT_OBJC_MSGSEND = YES;
				GCC_C_LANGUAGE_STANDARD = gnu11;
				GCC_NO_COMMON_BLOCKS = YES;
				GCC_WARN_64_TO_32_BIT_CONVERSION = YES;
				GCC_WARN_ABOUT_RETURN_TYPE = YES_ERROR;
				GCC_WARN_UNDECLARED_SELECTOR = YES;
				GCC_WARN_UNINITIALIZED_AUTOS = YES_AGGRESSIVE;
				GCC_WARN_UNUSED_FUNCTION = YES;
				GCC_WARN_UNUSED_VARIABLE = YES;
				IPHONEOS_DEPLOYMENT_TARGET = 11.3;
				MTL_ENABLE_DEBUG_INFO = NO;
				SDKROOT = iphoneos;
				SWIFT_COMPILATION_MODE = wholemodule;
				SWIFT_OPTIMIZATION_LEVEL = "-O";
				VALIDATE_PRODUCT = YES;
			};
			name = Release;
		};
		D6529C1720BF9C4E00F5E7E9 /* Debug */ = {
			isa = XCBuildConfiguration;
			baseConfigurationReference = B862F2E0315DB1A4B91BCB58 /* Pods-SQLite.debug.xcconfig */;
			buildSettings = {
				ASSETCATALOG_COMPILER_APPICON_NAME = AppIcon;
				CODE_SIGN_STYLE = Automatic;
				DEVELOPMENT_TEAM = VK89TW355W;
				INFOPLIST_FILE = SQLite/Info.plist;
				LD_RUNPATH_SEARCH_PATHS = (
					"$(inherited)",
					"@executable_path/Frameworks",
				);
				PRODUCT_BUNDLE_IDENTIFIER = ZL.SQLite;
				PRODUCT_NAME = "$(TARGET_NAME)";
				SWIFT_VERSION = 4.0;
				TARGETED_DEVICE_FAMILY = "1,2";
			};
			name = Debug;
		};
		D6529C1820BF9C4E00F5E7E9 /* Release */ = {
			isa = XCBuildConfiguration;
			baseConfigurationReference = 34EE951F64079D6AAABF89BF /* Pods-SQLite.release.xcconfig */;
			buildSettings = {
				ASSETCATALOG_COMPILER_APPICON_NAME = AppIcon;
				CODE_SIGN_STYLE = Automatic;
				DEVELOPMENT_TEAM = VK89TW355W;
				INFOPLIST_FILE = SQLite/Info.plist;
				LD_RUNPATH_SEARCH_PATHS = (
					"$(inherited)",
					"@executable_path/Frameworks",
				);
				PRODUCT_BUNDLE_IDENTIFIER = ZL.SQLite;
				PRODUCT_NAME = "$(TARGET_NAME)";
				SWIFT_VERSION = 4.0;
				TARGETED_DEVICE_FAMILY = "1,2";
			};
			name = Release;
		};
/* End XCBuildConfiguration section */

/* Begin XCConfigurationList section */
		D6529BFF20BF9C4C00F5E7E9 /* Build configuration list for PBXProject "SQLite" */ = {
			isa = XCConfigurationList;
			buildConfigurations = (
				D6529C1420BF9C4E00F5E7E9 /* Debug */,
				D6529C1520BF9C4E00F5E7E9 /* Release */,
			);
			defaultConfigurationIsVisible = 0;
			defaultConfigurationName = Release;
		};
		D6529C1620BF9C4E00F5E7E9 /* Build configuration list for PBXNativeTarget "SQLite" */ = {
			isa = XCConfigurationList;
			buildConfigurations = (
				D6529C1720BF9C4E00F5E7E9 /* Debug */,
				D6529C1820BF9C4E00F5E7E9 /* Release */,
			);
			defaultConfigurationIsVisible = 0;
			defaultConfigurationName = Release;
		};
/* End XCConfigurationList section */
	};
	rootObject = D6529BFC20BF9C4C00F5E7E9 /* Project object */;
}
